{
  "lockfileVersion": 1,
  "configVersion": 1,
  "workspaces": {
    "": {
      "name": "opencode-context-bonsai",
      "dependencies": {
        "ai": "^5.0.0",
        "zod": "^3.23.0",
      },
      "devDependencies": {
        "@types/bun": "latest",
        "typescript": "^5.0.0",
      },
      "peerDependencies": {
        "@opencode-ai/plugin": "*",
      },
    },
  },
  "packages": {
    "@ai-sdk/gateway": ["@ai-sdk/gateway@2.0.43", "", { "dependencies": { "@ai-sdk/provider": "2.0.1", "@ai-sdk/provider-utils": "3.0.21", "@vercel/oidc": "3.1.0" }, "peerDependencies": { "zod": "^3.25.76 || ^4.1.8" } }, "sha512-wVrXKw0ldcU04Y8EY3vR+qPdogZCZEj8pnkpRNRF552jqYPPVY88atPiC9s6XOyE+k6Y1YnusYXqwp6KKaBGAA=="],

    "@ai-sdk/provider": ["@ai-sdk/provider@2.0.1", "", { "dependencies": { "json-schema": "^0.4.0" } }, "sha512-KCUwswvsC5VsW2PWFqF8eJgSCu5Ysj7m1TxiHTVA6g7k360bk0RNQENT8KTMAYEs+8fWPD3Uu4dEmzGHc+jGng=="],

    "@ai-sdk/provider-utils": ["@ai-sdk/provider-utils@3.0.21", "", { "dependencies": { "@ai-sdk/provider": "2.0.1", "@standard-schema/spec": "^1.0.0", "eventsource-parser": "^3.0.6" }, "peerDependencies": { "zod": "^3.25.76 || ^4.1.8" } }, "sha512-veuMwTLxsgh31Jjn0SnBABnM1f7ebHhRWcV2ZuY3hP3iJDCZ8VXBaYqcHXoOQDqUXTCas08sKQcHyWK+zl882Q=="],

    "@opencode-ai/plugin": ["@opencode-ai/plugin@1.2.10", "", { "dependencies": { "@opencode-ai/sdk": "1.2.10", "zod": "4.1.8" } }, "sha512-Z1BMqNHnD8AGAEb+kUz0b2SOuiODwdQLdCA4aVGTXqkGzhiD44OVxr85MeoJ5AMTnnea9SnJ3jp9GAQ5riXA5g=="],

    "@opencode-ai/sdk": ["@opencode-ai/sdk@1.2.10", "", {}, "sha512-SyXcVqry2hitPVvQtvXOhqsWyFhSycG/+LTLYXrcq8AFmd9FR7dyBSDB3f5Ol6IPkYOegk8P2Eg2kKPNSNiKGw=="],

    "@opentelemetry/api": ["@opentelemetry/api@1.9.0", "", {}, "sha512-3giAOQvZiH5F9bMlMiv8+GSPMeqg0dbaeo58/0SlA9sxSqZhnUtxzX9/2FzyhS9sWQf5S0GJE0AKBrFqjpeYcg=="],

    "@standard-schema/spec": ["@standard-schema/spec@1.1.0", "", {}, "sha512-l2aFy5jALhniG5HgqrD6jXLi/rUWrKvqN/qJx6yoJsgKhblVd+iqqU4RCXavm/jPityDo5TCvKMnpjKnOriy0w=="],

    "@types/bun": ["@types/bun@1.3.9", "", { "dependencies": { "bun-types": "1.3.9" } }, "sha512-KQ571yULOdWJiMH+RIWIOZ7B2RXQGpL1YQrBtLIV3FqDcCu6FsbFUBwhdKUlCKUpS3PJDsHlJ1QKlpxoVR+xtw=="],

    "@types/node": ["@types/node@25.3.0", "", { "dependencies": { "undici-types": "~7.18.0" } }, "sha512-4K3bqJpXpqfg2XKGK9bpDTc6xO/xoUP/RBWS7AtRMug6zZFaRekiLzjVtAoZMquxoAbzBvy5nxQ7veS5eYzf8A=="],

    "@vercel/oidc": ["@vercel/oidc@3.1.0", "", {}, "sha512-Fw28YZpRnA3cAHHDlkt7xQHiJ0fcL+NRcIqsocZQUSmbzeIKRpwttJjik5ZGanXP+vlA4SbTg+AbA3bP363l+w=="],

    "ai": ["ai@5.0.137", "", { "dependencies": { "@ai-sdk/gateway": "2.0.43", "@ai-sdk/provider": "2.0.1", "@ai-sdk/provider-utils": "3.0.21", "@opentelemetry/api": "1.9.0" }, "peerDependencies": { "zod": "^3.25.76 || ^4.1.8" } }, "sha512-ZPqvIG5HlTEaTsf91p5CvOMWYoTxsGpHckgc8qk7FNVM9O375A1A5cvLq6CpkCdTWrdyNZMMs3brnfUIlJP20g=="],

    "bun-types": ["bun-types@1.3.9", "", { "dependencies": { "@types/node": "*" } }, "sha512-+UBWWOakIP4Tswh0Bt0QD0alpTY8cb5hvgiYeWCMet9YukHbzuruIEeXC2D7nMJPB12kbh8C7XJykSexEqGKJg=="],

    "eventsource-parser": ["eventsource-parser@3.0.6", "", {}, "sha512-Vo1ab+QXPzZ4tCa8SwIHJFaSzy4R6SHf7BY79rFBDf0idraZWAkYrDjDj8uWaSm3S2TK+hJ7/t1CEmZ7jXw+pg=="],

    "json-schema": ["json-schema@0.4.0", "", {}, "sha512-es94M3nTIfsEPisRafak+HDLfHXnKBhV3vU5eqPcS3flIWqcxJWgXHXiey3YrpaNsanY5ei1VoYEbOzijuq9BA=="],

    "typescript": ["typescript@5.9.3", "", { "bin": { "tsc": "bin/tsc", "tsserver": "bin/tsserver" } }, "sha512-jl1vZzPDinLr9eUt3J/t7V6FgNEw9QjvBPdysz9KfQDD41fQrC2Y4vKQdiaUpFT4bXlb1RHhLpp8wtm6M5TgSw=="],

    "undici-types": ["undici-types@7.18.2", "", {}, "sha512-AsuCzffGHJybSaRrmr5eHr81mwJU3kjw6M+uprWvCXiNeN9SOGwQ3Jn8jb8m3Z6izVgknn1R0FTCEAP2QrLY/w=="],

    "zod": ["zod@3.25.76", "", {}, "sha512-gzUt/qt81nXsFGKIFcC3YnfEAx5NkunCfnDlvuBSSFS02bcXu4Lmea0AFIUwbLWxWPx3d9p8S5QoaujKcNQxcQ=="],

    "@opencode-ai/plugin/zod": ["zod@4.1.8", "", {}, "sha512-5R1P+WwQqmmMIEACyzSvo4JXHY5WiAFHRMg+zBZKgKS+Q1viRa0C1hmUKtHltoIFKtIdki3pRxkmpP74jnNYHQ=="],
  }
}
